// !$*UTF8*$!
{
	archiveVersion = 1;
	classes = {
	};
	objectVersion = 46;
	objects = {

/* Begin PBXBuildFile section */
		485E948B1B3AC44A00688546 /* AppDelegate.m in Sources */ = {isa = PBXBuildFile; fileRef = 485E948A1B3AC44A00688546 /* AppDelegate.m */; };
		486C14251B79FAF000447104 /* SDGridItemCacheTool.m in Sources */ = {isa = PBXBuildFile; fileRef = 486C14241B79FAF000447104 /* SDGridItemCacheTool.m */; };
		9904C7561B1F2F3800E2717D /* NSData+SDDataCache.m in Sources */ = {isa = PBXBuildFile; fileRef = 9904C7461B1F2F3800E2717D /* NSData+SDDataCache.m */; };
		9904C7571B1F2F3800E2717D /* TAAbstractDotView.m in Sources */ = {isa = PBXBuildFile; fileRef = 9904C7491B1F2F3800E2717D /* TAAbstractDotView.m */; };
		9904C7581B1F2F3800E2717D /* TAAnimatedDotView.m in Sources */ = {isa = PBXBuildFile; fileRef = 9904C74B1B1F2F3800E2717D /* TAAnimatedDotView.m */; };
		9904C7591B1F2F3800E2717D /* TADotView.m in Sources */ = {isa = PBXBuildFile; fileRef = 9904C74D1B1F2F3800E2717D /* TADotView.m */; };
		9904C75A1B1F2F3800E2717D /* TAPageControl.m in Sources */ = {isa = PBXBuildFile; fileRef = 9904C74F1B1F2F3800E2717D /* TAPageControl.m */; };
		9904C75B1B1F2F3800E2717D /* SDCollectionViewCell.m in Sources */ = {isa = PBXBuildFile; fileRef = 9904C7511B1F2F3800E2717D /* SDCollectionViewCell.m */; };
		9904C75C1B1F2F3800E2717D /* SDCycleScrollView.m in Sources */ = {isa = PBXBuildFile; fileRef = 9904C7531B1F2F3800E2717D /* SDCycleScrollView.m */; };
		9904C75D1B1F2F3800E2717D /* UIView+SDExtension.m in Sources */ = {isa = PBXBuildFile; fileRef = 9904C7551B1F2F3800E2717D /* UIView+SDExtension.m */; };
		990759C61B2140C80042DD52 /* SDYuEBaoTableViewCell.m in Sources */ = {isa = PBXBuildFile; fileRef = 990759C51B2140C80042DD52 /* SDYuEBaoTableViewCell.m */; };
		990759CC1B2141630042DD52 /* SDYuEBaoTableViewCellContentView.m in Sources */ = {isa = PBXBuildFile; fileRef = 990759CB1B2141630042DD52 /* SDYuEBaoTableViewCellContentView.m */; };
		990759CE1B2141820042DD52 /* SDYuEBaoTableViewCellContentView.xib in Resources */ = {isa = PBXBuildFile; fileRef = 990759CD1B2141820042DD52 /* SDYuEBaoTableViewCellContentView.xib */; };
		990759D11B21F0AA0042DD52 /* SDHomeGridViewListItemViewButton.m in Sources */ = {isa = PBXBuildFile; fileRef = 990759D01B21F0AA0042DD52 /* SDHomeGridViewListItemViewButton.m */; };
		990759D61B220CA10042DD52 /* SDYuEBaoTableViewCellModel.m in Sources */ = {isa = PBXBuildFile; fileRef = 990759D51B220CA10042DD52 /* SDYuEBaoTableViewCellModel.m */; };
		990759DA1B2216DC0042DD52 /* SDYuEBaoTableViewController.m in Sources */ = {isa = PBXBuildFile; fileRef = 990759D91B2216DC0042DD52 /* SDYuEBaoTableViewController.m */; };
		992903591B1EBDBC00290346 /* main.m in Sources */ = {isa = PBXBuildFile; fileRef = 992903581B1EBDBC00290346 /* main.m */; };
		992903641B1EBDBC00290346 /* Images.xcassets in Resources */ = {isa = PBXBuildFile; fileRef = 992903631B1EBDBC00290346 /* Images.xcassets */; };
		992903731B1EBDBC00290346 /* GSD_ZHIFUBAOTests.m in Sources */ = {isa = PBXBuildFile; fileRef = 992903721B1EBDBC00290346 /* GSD_ZHIFUBAOTests.m */; };
		992903821B1EBED700290346 /* SDFrameTabBarController.m in Sources */ = {isa = PBXBuildFile; fileRef = 992903811B1EBED700290346 /* SDFrameTabBarController.m */; };
		992903861B1EBF2000290346 /* SDBasicNavigationController.m in Sources */ = {isa = PBXBuildFile; fileRef = 992903851B1EBF2000290346 /* SDBasicNavigationController.m */; };
		9929038A1B1EC0ED00290346 /* SDBasicViewContoller.m in Sources */ = {isa = PBXBuildFile; fileRef = 992903891B1EC0ED00290346 /* SDBasicViewContoller.m */; };
		9929038E1B1EC79300290346 /* SDHomeViewController.m in Sources */ = {isa = PBXBuildFile; fileRef = 9929038D1B1EC79300290346 /* SDHomeViewController.m */; };
		992903921B1EC99300290346 /* UIView+SDExtension.m in Sources */ = {isa = PBXBuildFile; fileRef = 992903911B1EC99300290346 /* UIView+SDExtension.m */; };
		9958FBA11B23046900BC9E92 /* SDScanViewController.m in Sources */ = {isa = PBXBuildFile; fileRef = 9958FBA01B23046900BC9E92 /* SDScanViewController.m */; };
		9969DE161B1ECFD900723888 /* SDHomeGridItemModel.m in Sources */ = {isa = PBXBuildFile; fileRef = 9969DE151B1ECFD900723888 /* SDHomeGridItemModel.m */; };
		9969DE191B1ED13000723888 /* SDHomeGridView.m in Sources */ = {isa = PBXBuildFile; fileRef = 9969DE181B1ED13000723888 /* SDHomeGridView.m */; };
		9969DE1C1B1ED2E900723888 /* SDHomeGridViewListItemView.m in Sources */ = {isa = PBXBuildFile; fileRef = 9969DE1B1B1ED2E900723888 /* SDHomeGridViewListItemView.m */; };
		9969DE3C1B1ED60400723888 /* MKAnnotationView+WebCache.m in Sources */ = {isa = PBXBuildFile; fileRef = 9969DE201B1ED60400723888 /* MKAnnotationView+WebCache.m */; };
		9969DE3D1B1ED60400723888 /* NSData+ImageContentType.m in Sources */ = {isa = PBXBuildFile; fileRef = 9969DE221B1ED60400723888 /* NSData+ImageContentType.m */; };
		9969DE3E1B1ED60400723888 /* SDImageCache.m in Sources */ = {isa = PBXBuildFile; fileRef = 9969DE241B1ED60400723888 /* SDImageCache.m */; };
		9969DE3F1B1ED60400723888 /* SDWebImageCompat.m in Sources */ = {isa = PBXBuildFile; fileRef = 9969DE261B1ED60400723888 /* SDWebImageCompat.m */; };
		9969DE401B1ED60400723888 /* SDWebImageDecoder.m in Sources */ = {isa = PBXBuildFile; fileRef = 9969DE281B1ED60400723888 /* SDWebImageDecoder.m */; };
		9969DE411B1ED60400723888 /* SDWebImageDownloader.m in Sources */ = {isa = PBXBuildFile; fileRef = 9969DE2A1B1ED60400723888 /* SDWebImageDownloader.m */; };
		9969DE421B1ED60400723888 /* SDWebImageDownloaderOperation.m in Sources */ = {isa = PBXBuildFile; fileRef = 9969DE2C1B1ED60400723888 /* SDWebImageDownloaderOperation.m */; };
		9969DE431B1ED60400723888 /* SDWebImageManager.m in Sources */ = {isa = PBXBuildFile; fileRef = 9969DE2E1B1ED60400723888 /* SDWebImageManager.m */; };
		9969DE441B1ED60400723888 /* SDWebImagePrefetcher.m in Sources */ = {isa = PBXBuildFile; fileRef = 9969DE311B1ED60400723888 /* SDWebImagePrefetcher.m */; };
		9969DE451B1ED60400723888 /* UIButton+WebCache.m in Sources */ = {isa = PBXBuildFile; fileRef = 9969DE331B1ED60400723888 /* UIButton+WebCache.m */; };
		9969DE461B1ED60400723888 /* UIImage+GIF.m in Sources */ = {isa = PBXBuildFile; fileRef = 9969DE351B1ED60400723888 /* UIImage+GIF.m */; };
		9969DE471B1ED60400723888 /* UIImage+MultiFormat.m in Sources */ = {isa = PBXBuildFile; fileRef = 9969DE371B1ED60400723888 /* UIImage+MultiFormat.m */; };
		9969DE481B1ED60400723888 /* UIImage+WebP.m in Sources */ = {isa = PBXBuildFile; fileRef = 9969DE391B1ED60400723888 /* UIImage+WebP.m */; };
		9969DE491B1ED60400723888 /* UIImageView+WebCache.m in Sources */ = {isa = PBXBuildFile; fileRef = 9969DE3B1B1ED60400723888 /* UIImageView+WebCache.m */; };
		99A7325D1B24190B0033E878 /* SDAddItemViewController.m in Sources */ = {isa = PBXBuildFile; fileRef = 99A7325C1B24190B0033E878 /* SDAddItemViewController.m */; };
		99A732611B241BDC0033E878 /* SDAddItemGridView.m in Sources */ = {isa = PBXBuildFile; fileRef = 99A732601B241BDC0033E878 /* SDAddItemGridView.m */; };
		99AFE9CF1B200DB90049E73B /* SDBasicTableViewController.m in Sources */ = {isa = PBXBuildFile; fileRef = 99AFE9CE1B200DB90049E73B /* SDBasicTableViewController.m */; };
		99AFE9D21B20113E0049E73B /* SDAssetsTableViewController.m in Sources */ = {isa = PBXBuildFile; fileRef = 99AFE9D11B20113E0049E73B /* SDAssetsTableViewController.m */; };
		99AFE9D61B2016D50049E73B /* SDBasicTableViewControllerCell.m in Sources */ = {isa = PBXBuildFile; fileRef = 99AFE9D51B2016D50049E73B /* SDBasicTableViewControllerCell.m */; };
		99AFE9DB1B201A480049E73B /* SDAssetsTableViewControllerCell.m in Sources */ = {isa = PBXBuildFile; fileRef = 99AFE9DA1B201A480049E73B /* SDAssetsTableViewControllerCell.m */; };
		99AFE9DF1B201B4C0049E73B /* SDAssetsTableViewControllerCellModel.m in Sources */ = {isa = PBXBuildFile; fileRef = 99AFE9DE1B201B4C0049E73B /* SDAssetsTableViewControllerCellModel.m */; };
		99AFE9E21B2033660049E73B /* SDAssetsTableViewHeader.m in Sources */ = {isa = PBXBuildFile; fileRef = 99AFE9E11B2033660049E73B /* SDAssetsTableViewHeader.m */; };
		99AFE9E41B2033970049E73B /* SDAssetsTableViewHeader.xib in Resources */ = {isa = PBXBuildFile; fileRef = 99AFE9E31B2033970049E73B /* SDAssetsTableViewHeader.xib */; };
		99AFE9E81B2071E10049E73B /* SDServiceTableViewController.m in Sources */ = {isa = PBXBuildFile; fileRef = 99AFE9E71B2071E10049E73B /* SDServiceTableViewController.m */; };
		99AFE9EE1B2073720049E73B /* SDServiceTableViewCellModel.m in Sources */ = {isa = PBXBuildFile; fileRef = 99AFE9ED1B2073720049E73B /* SDServiceTableViewCellModel.m */; };
		99AFE9F11B2073BF0049E73B /* SDServiceTableViewCell.m in Sources */ = {isa = PBXBuildFile; fileRef = 99AFE9F01B2073BF0049E73B /* SDServiceTableViewCell.m */; };
		99AFE9F31B20785D0049E73B /* SDServiceTableViewCell.xib in Resources */ = {isa = PBXBuildFile; fileRef = 99AFE9F21B20785D0049E73B /* SDServiceTableViewCell.xib */; };
		99AFE9F91B2086690049E73B /* SDServiceTableViewHeader.m in Sources */ = {isa = PBXBuildFile; fileRef = 99AFE9F81B2086690049E73B /* SDServiceTableViewHeader.m */; };
		99AFEA001B20ACB40049E73B /* SDDiscoverTableViewController.m in Sources */ = {isa = PBXBuildFile; fileRef = 99AFE9FF1B20ACB40049E73B /* SDDiscoverTableViewController.m */; };
		99AFEA031B20AEC20049E73B /* SDDiscoverTableViewHeader.m in Sources */ = {isa = PBXBuildFile; fileRef = 99AFEA021B20AEC20049E73B /* SDDiscoverTableViewHeader.m */; };
		99AFEA061B20AFC50049E73B /* SDDiscoverTableViewHeaderItemButton.m in Sources */ = {isa = PBXBuildFile; fileRef = 99AFEA051B20AFC50049E73B /* SDDiscoverTableViewHeaderItemButton.m */; };
/* End PBXBuildFile section */

/* Begin PBXContainerItemProxy section */
		9929036D1B1EBDBC00290346 /* PBXContainerItemProxy */ = {
			isa = PBXContainerItemProxy;
			containerPortal = 9929034B1B1EBDBC00290346 /* Project object */;
			proxyType = 1;
			remoteGlobalIDString = 992903521B1EBDBC00290346;
			remoteInfo = GSD_ZHIFUBAO;
		};
/* End PBXContainerItemProxy section */

/* Begin PBXFileReference section */
		485E94891B3AC44A00688546 /* AppDelegate.h */ = {isa = PBXFileReference; fileEncoding = 4; lastKnownFileType = sourcecode.c.h; name = AppDelegate.h; path = GSD_ZHIFUBAO/AppDelegate.h; sourceTree = SOURCE_ROOT; };
		485E948A1B3AC44A00688546 /* AppDelegate.m */ = {isa = PBXFileReference; fileEncoding = 4; lastKnownFileType = sourcecode.c.objc; name = AppDelegate.m; path = GSD_ZHIFUBAO/AppDelegate.m; sourceTree = SOURCE_ROOT; };
		486C14231B79FAF000447104 /* SDGridItemCacheTool.h */ = {isa = PBXFileReference; fileEncoding = 4; lastKnownFileType = sourcecode.c.h; path = SDGridItemCacheTool.h; sourceTree = "<group>"; };
		486C14241B79FAF000447104 /* SDGridItemCacheTool.m */ = {isa = PBXFileReference; fileEncoding = 4; lastKnownFileType = sourcecode.c.objc; path = SDGridItemCacheTool.m; sourceTree = "<group>"; };
		9904C7451B1F2F3800E2717D /* NSData+SDDataCache.h */ = {isa = PBXFileReference; fileEncoding = 4; lastKnownFileType = sourcecode.c.h; path = "NSData+SDDataCache.h"; sourceTree = "<group>"; };
		9904C7461B1F2F3800E2717D /* NSData+SDDataCache.m */ = {isa = PBXFileReference; fileEncoding = 4; lastKnownFileType = sourcecode.c.objc; path = "NSData+SDDataCache.m"; sourceTree = "<group>"; };
		9904C7481B1F2F3800E2717D /* TAAbstractDotView.h */ = {isa = PBXFileReference; fileEncoding = 4; lastKnownFileType = sourcecode.c.h; path = TAAbstractDotView.h; sourceTree = "<group>"; };
		9904C7491B1F2F3800E2717D /* TAAbstractDotView.m */ = {isa = PBXFileReference; fileEncoding = 4; lastKnownFileType = sourcecode.c.objc; path = TAAbstractDotView.m; sourceTree = "<group>"; };
		9904C74A1B1F2F3800E2717D /* TAAnimatedDotView.h */ = {isa = PBXFileReference; fileEncoding = 4; lastKnownFileType = sourcecode.c.h; path = TAAnimatedDotView.h; sourceTree = "<group>"; };
		9904C74B1B1F2F3800E2717D /* TAAnimatedDotView.m */ = {isa = PBXFileReference; fileEncoding = 4; lastKnownFileType = sourcecode.c.objc; path = TAAnimatedDotView.m; sourceTree = "<group>"; };
		9904C74C1B1F2F3800E2717D /* TADotView.h */ = {isa = PBXFileReference; fileEncoding = 4; lastKnownFileType = sourcecode.c.h; path = TADotView.h; sourceTree = "<group>"; };
		9904C74D1B1F2F3800E2717D /* TADotView.m */ = {isa = PBXFileReference; fileEncoding = 4; lastKnownFileType = sourcecode.c.objc; path = TADotView.m; sourceTree = "<group>"; };
		9904C74E1B1F2F3800E2717D /* TAPageControl.h */ = {isa = PBXFileReference; fileEncoding = 4; lastKnownFileType = sourcecode.c.h; path = TAPageControl.h; sourceTree = "<group>"; };
		9904C74F1B1F2F3800E2717D /* TAPageControl.m */ = {isa = PBXFileReference; fileEncoding = 4; lastKnownFileType = sourcecode.c.objc; path = TAPageControl.m; sourceTree = "<group>"; };
		9904C7501B1F2F3800E2717D /* SDCollectionViewCell.h */ = {isa = PBXFileReference; fileEncoding = 4; lastKnownFileType = sourcecode.c.h; path = SDCollectionViewCell.h; sourceTree = "<group>"; };
		9904C7511B1F2F3800E2717D /* SDCollectionViewCell.m */ = {isa = PBXFileReference; fileEncoding = 4; lastKnownFileType = sourcecode.c.objc; path = SDCollectionViewCell.m; sourceTree = "<group>"; };
		9904C7521B1F2F3800E2717D /* SDCycleScrollView.h */ = {isa = PBXFileReference; fileEncoding = 4; lastKnownFileType = sourcecode.c.h; path = SDCycleScrollView.h; sourceTree = "<group>"; };
		9904C7531B1F2F3800E2717D /* SDCycleScrollView.m */ = {isa = PBXFileReference; fileEncoding = 4; lastKnownFileType = sourcecode.c.objc; path = SDCycleScrollView.m; sourceTree = "<group>"; };
		9904C7541B1F2F3800E2717D /* UIView+SDExtension.h */ = {isa = PBXFileReference; fileEncoding = 4; lastKnownFileType = sourcecode.c.h; path = "UIView+SDExtension.h"; sourceTree = "<group>"; };
		9904C7551B1F2F3800E2717D /* UIView+SDExtension.m */ = {isa = PBXFileReference; fileEncoding = 4; lastKnownFileType = sourcecode.c.objc; path = "UIView+SDExtension.m"; sourceTree = "<group>"; };
		990759C41B2140C80042DD52 /* SDYuEBaoTableViewCell.h */ = {isa = PBXFileReference; fileEncoding = 4; lastKnownFileType = sourcecode.c.h; path = SDYuEBaoTableViewCell.h; sourceTree = "<group>"; };
		990759C51B2140C80042DD52 /* SDYuEBaoTableViewCell.m */ = {isa = PBXFileReference; fileEncoding = 4; lastKnownFileType = sourcecode.c.objc; path = SDYuEBaoTableViewCell.m; sourceTree = "<group>"; };
		990759CA1B2141630042DD52 /* SDYuEBaoTableViewCellContentView.h */ = {isa = PBXFileReference; fileEncoding = 4; lastKnownFileType = sourcecode.c.h; path = SDYuEBaoTableViewCellContentView.h; sourceTree = "<group>"; };
		990759CB1B2141630042DD52 /* SDYuEBaoTableViewCellContentView.m */ = {isa = PBXFileReference; fileEncoding = 4; lastKnownFileType = sourcecode.c.objc; path = SDYuEBaoTableViewCellContentView.m; sourceTree = "<group>"; };
		990759CD1B2141820042DD52 /* SDYuEBaoTableViewCellContentView.xib */ = {isa = PBXFileReference; fileEncoding = 4; lastKnownFileType = file.xib; path = SDYuEBaoTableViewCellContentView.xib; sourceTree = "<group>"; };
		990759CF1B21F0AA0042DD52 /* SDHomeGridViewListItemViewButton.h */ = {isa = PBXFileReference; fileEncoding = 4; lastKnownFileType = sourcecode.c.h; path = SDHomeGridViewListItemViewButton.h; sourceTree = "<group>"; };
		990759D01B21F0AA0042DD52 /* SDHomeGridViewListItemViewButton.m */ = {isa = PBXFileReference; fileEncoding = 4; lastKnownFileType = sourcecode.c.objc; path = SDHomeGridViewListItemViewButton.m; sourceTree = "<group>"; };
		990759D41B220CA10042DD52 /* SDYuEBaoTableViewCellModel.h */ = {isa = PBXFileReference; fileEncoding = 4; lastKnownFileType = sourcecode.c.h; path = SDYuEBaoTableViewCellModel.h; sourceTree = "<group>"; };
		990759D51B220CA10042DD52 /* SDYuEBaoTableViewCellModel.m */ = {isa = PBXFileReference; fileEncoding = 4; lastKnownFileType = sourcecode.c.objc; path = SDYuEBaoTableViewCellModel.m; sourceTree = "<group>"; };
		990759D81B2216DC0042DD52 /* SDYuEBaoTableViewController.h */ = {isa = PBXFileReference; fileEncoding = 4; lastKnownFileType = sourcecode.c.h; path = SDYuEBaoTableViewController.h; sourceTree = "<group>"; };
		990759D91B2216DC0042DD52 /* SDYuEBaoTableViewController.m */ = {isa = PBXFileReference; fileEncoding = 4; lastKnownFileType = sourcecode.c.objc; path = SDYuEBaoTableViewController.m; sourceTree = "<group>"; };
		992903531B1EBDBC00290346 /* GSD_ZHIFUBAO.app */ = {isa = PBXFileReference; explicitFileType = wrapper.application; includeInIndex = 0; path = GSD_ZHIFUBAO.app; sourceTree = BUILT_PRODUCTS_DIR; };
		992903571B1EBDBC00290346 /* Info.plist */ = {isa = PBXFileReference; lastKnownFileType = text.plist.xml; path = Info.plist; sourceTree = "<group>"; };
		992903581B1EBDBC00290346 /* main.m */ = {isa = PBXFileReference; lastKnownFileType = sourcecode.c.objc; path = main.m; sourceTree = "<group>"; };
		992903631B1EBDBC00290346 /* Images.xcassets */ = {isa = PBXFileReference; lastKnownFileType = folder.assetcatalog; path = Images.xcassets; sourceTree = "<group>"; };
		9929036C1B1EBDBC00290346 /* GSD_ZHIFUBAOTests.xctest */ = {isa = PBXFileReference; explicitFileType = wrapper.cfbundle; includeInIndex = 0; path = GSD_ZHIFUBAOTests.xctest; sourceTree = BUILT_PRODUCTS_DIR; };
		992903711B1EBDBC00290346 /* Info.plist */ = {isa = PBXFileReference; lastKnownFileType = text.plist.xml; path = Info.plist; sourceTree = "<group>"; };
		992903721B1EBDBC00290346 /* GSD_ZHIFUBAOTests.m */ = {isa = PBXFileReference; lastKnownFileType = sourcecode.c.objc; path = GSD_ZHIFUBAOTests.m; sourceTree = "<group>"; };
		992903801B1EBED700290346 /* SDFrameTabBarController.h */ = {isa = PBXFileReference; fileEncoding = 4; lastKnownFileType = sourcecode.c.h; path = SDFrameTabBarController.h; sourceTree = "<group>"; };
		992903811B1EBED700290346 /* SDFrameTabBarController.m */ = {isa = PBXFileReference; fileEncoding = 4; lastKnownFileType = sourcecode.c.objc; path = SDFrameTabBarController.m; sourceTree = "<group>"; };
		992903841B1EBF2000290346 /* SDBasicNavigationController.h */ = {isa = PBXFileReference; fileEncoding = 4; lastKnownFileType = sourcecode.c.h; path = SDBasicNavigationController.h; sourceTree = "<group>"; };
		992903851B1EBF2000290346 /* SDBasicNavigationController.m */ = {isa = PBXFileReference; fileEncoding = 4; lastKnownFileType = sourcecode.c.objc; path = SDBasicNavigationController.m; sourceTree = "<group>"; };
		992903881B1EC0ED00290346 /* SDBasicViewContoller.h */ = {isa = PBXFileReference; fileEncoding = 4; lastKnownFileType = sourcecode.c.h; path = SDBasicViewContoller.h; sourceTree = "<group>"; };
		992903891B1EC0ED00290346 /* SDBasicViewContoller.m */ = {isa = PBXFileReference; fileEncoding = 4; lastKnownFileType = sourcecode.c.objc; path = SDBasicViewContoller.m; sourceTree = "<group>"; };
		9929038C1B1EC79300290346 /* SDHomeViewController.h */ = {isa = PBXFileReference; fileEncoding = 4; lastKnownFileType = sourcecode.c.h; path = SDHomeViewController.h; sourceTree = "<group>"; };
		9929038D1B1EC79300290346 /* SDHomeViewController.m */ = {isa = PBXFileReference; fileEncoding = 4; lastKnownFileType = sourcecode.c.objc; path = SDHomeViewController.m; sourceTree = "<group>"; };
		992903901B1EC99300290346 /* UIView+SDExtension.h */ = {isa = PBXFileReference; fileEncoding = 4; lastKnownFileType = sourcecode.c.h; path = "UIView+SDExtension.h"; sourceTree = "<group>"; };
		992903911B1EC99300290346 /* UIView+SDExtension.m */ = {isa = PBXFileReference; fileEncoding = 4; lastKnownFileType = sourcecode.c.objc; path = "UIView+SDExtension.m"; sourceTree = "<group>"; };
		9958FB9F1B23046900BC9E92 /* SDScanViewController.h */ = {isa = PBXFileReference; fileEncoding = 4; lastKnownFileType = sourcecode.c.h; path = SDScanViewController.h; sourceTree = "<group>"; };
		9958FBA01B23046900BC9E92 /* SDScanViewController.m */ = {isa = PBXFileReference; fileEncoding = 4; lastKnownFileType = sourcecode.c.objc; path = SDScanViewController.m; sourceTree = "<group>"; };
		9969DE141B1ECFD900723888 /* SDHomeGridItemModel.h */ = {isa = PBXFileReference; fileEncoding = 4; lastKnownFileType = sourcecode.c.h; path = SDHomeGridItemModel.h; sourceTree = "<group>"; };
		9969DE151B1ECFD900723888 /* SDHomeGridItemModel.m */ = {isa = PBXFileReference; fileEncoding = 4; lastKnownFileType = sourcecode.c.objc; path = SDHomeGridItemModel.m; sourceTree = "<group>"; };
		9969DE171B1ED13000723888 /* SDHomeGridView.h */ = {isa = PBXFileReference; fileEncoding = 4; lastKnownFileType = sourcecode.c.h; path = SDHomeGridView.h; sourceTree = "<group>"; };
		9969DE181B1ED13000723888 /* SDHomeGridView.m */ = {isa = PBXFileReference; fileEncoding = 4; lastKnownFileType = sourcecode.c.objc; path = SDHomeGridView.m; sourceTree = "<group>"; };
		9969DE1A1B1ED2E900723888 /* SDHomeGridViewListItemView.h */ = {isa = PBXFileReference; fileEncoding = 4; lastKnownFileType = sourcecode.c.h; path = SDHomeGridViewListItemView.h; sourceTree = "<group>"; };
		9969DE1B1B1ED2E900723888 /* SDHomeGridViewListItemView.m */ = {isa = PBXFileReference; fileEncoding = 4; lastKnownFileType = sourcecode.c.objc; path = SDHomeGridViewListItemView.m; sourceTree = "<group>"; };
		9969DE1F1B1ED60400723888 /* MKAnnotationView+WebCache.h */ = {isa = PBXFileReference; fileEncoding = 4; lastKnownFileType = sourcecode.c.h; path = "MKAnnotationView+WebCache.h"; sourceTree = "<group>"; };
		9969DE201B1ED60400723888 /* MKAnnotationView+WebCache.m */ = {isa = PBXFileReference; fileEncoding = 4; lastKnownFileType = sourcecode.c.objc; path = "MKAnnotationView+WebCache.m"; sourceTree = "<group>"; };
		9969DE211B1ED60400723888 /* NSData+ImageContentType.h */ = {isa = PBXFileReference; fileEncoding = 4; lastKnownFileType = sourcecode.c.h; path = "NSData+ImageContentType.h"; sourceTree = "<group>"; };
		9969DE221B1ED60400723888 /* NSData+ImageContentType.m */ = {isa = PBXFileReference; fileEncoding = 4; lastKnownFileType = sourcecode.c.objc; path = "NSData+ImageContentType.m"; sourceTree = "<group>"; };
		9969DE231B1ED60400723888 /* SDImageCache.h */ = {isa = PBXFileReference; fileEncoding = 4; lastKnownFileType = sourcecode.c.h; path = SDImageCache.h; sourceTree = "<group>"; };
		9969DE241B1ED60400723888 /* SDImageCache.m */ = {isa = PBXFileReference; fileEncoding = 4; lastKnownFileType = sourcecode.c.objc; path = SDImageCache.m; sourceTree = "<group>"; };
		9969DE251B1ED60400723888 /* SDWebImageCompat.h */ = {isa = PBXFileReference; fileEncoding = 4; lastKnownFileType = sourcecode.c.h; path = SDWebImageCompat.h; sourceTree = "<group>"; };
		9969DE261B1ED60400723888 /* SDWebImageCompat.m */ = {isa = PBXFileReference; fileEncoding = 4; lastKnownFileType = sourcecode.c.objc; path = SDWebImageCompat.m; sourceTree = "<group>"; };
		9969DE271B1ED60400723888 /* SDWebImageDecoder.h */ = {isa = PBXFileReference; fileEncoding = 4; lastKnownFileType = sourcecode.c.h; path = SDWebImageDecoder.h; sourceTree = "<group>"; };
		9969DE281B1ED60400723888 /* SDWebImageDecoder.m */ = {isa = PBXFileReference; fileEncoding = 4; lastKnownFileType = sourcecode.c.objc; path = SDWebImageDecoder.m; sourceTree = "<group>"; };
		9969DE291B1ED60400723888 /* SDWebImageDownloader.h */ = {isa = PBXFileReference; fileEncoding = 4; lastKnownFileType = sourcecode.c.h; path = SDWebImageDownloader.h; sourceTree = "<group>"; };
		9969DE2A1B1ED60400723888 /* SDWebImageDownloader.m */ = {isa = PBXFileReference; fileEncoding = 4; lastKnownFileType = sourcecode.c.objc; path = SDWebImageDownloader.m; sourceTree = "<group>"; };
		9969DE2B1B1ED60400723888 /* SDWebImageDownloaderOperation.h */ = {isa = PBXFileReference; fileEncoding = 4; lastKnownFileType = sourcecode.c.h; path = SDWebImageDownloaderOperation.h; sourceTree = "<group>"; };
		9969DE2C1B1ED60400723888 /* SDWebImageDownloaderOperation.m */ = {isa = PBXFileReference; fileEncoding = 4; lastKnownFileType = sourcecode.c.objc; path = SDWebImageDownloaderOperation.m; sourceTree = "<group>"; };
		9969DE2D1B1ED60400723888 /* SDWebImageManager.h */ = {isa = PBXFileReference; fileEncoding = 4; lastKnownFileType = sourcecode.c.h; path = SDWebImageManager.h; sourceTree = "<group>"; };
		9969DE2E1B1ED60400723888 /* SDWebImageManager.m */ = {isa = PBXFileReference; fileEncoding = 4; lastKnownFileType = sourcecode.c.objc; path = SDWebImageManager.m; sourceTree = "<group>"; };
		9969DE2F1B1ED60400723888 /* SDWebImageOperation.h */ = {isa = PBXFileReference; fileEncoding = 4; lastKnownFileType = sourcecode.c.h; path = SDWebImageOperation.h; sourceTree = "<group>"; };
		9969DE301B1ED60400723888 /* SDWebImagePrefetcher.h */ = {isa = PBXFileReference; fileEncoding = 4; lastKnownFileType = sourcecode.c.h; path = SDWebImagePrefetcher.h; sourceTree = "<group>"; };
		9969DE311B1ED60400723888 /* SDWebImagePrefetcher.m */ = {isa = PBXFileReference; fileEncoding = 4; lastKnownFileType = sourcecode.c.objc; path = SDWebImagePrefetcher.m; sourceTree = "<group>"; };
		9969DE321B1ED60400723888 /* UIButton+WebCache.h */ = {isa = PBXFileReference; fileEncoding = 4; lastKnownFileType = sourcecode.c.h; path = "UIButton+WebCache.h"; sourceTree = "<group>"; };
		9969DE331B1ED60400723888 /* UIButton+WebCache.m */ = {isa = PBXFileReference; fileEncoding = 4; lastKnownFileType = sourcecode.c.objc; path = "UIButton+WebCache.m"; sourceTree = "<group>"; };
		9969DE341B1ED60400723888 /* UIImage+GIF.h */ = {isa = PBXFileReference; fileEncoding = 4; lastKnownFileType = sourcecode.c.h; path = "UIImage+GIF.h"; sourceTree = "<group>"; };
		9969DE351B1ED60400723888 /* UIImage+GIF.m */ = {isa = PBXFileReference; fileEncoding = 4; lastKnownFileType = sourcecode.c.objc; path = "UIImage+GIF.m"; sourceTree = "<group>"; };
		9969DE361B1ED60400723888 /* UIImage+MultiFormat.h */ = {isa = PBXFileReference; fileEncoding = 4; lastKnownFileType = sourcecode.c.h; path = "UIImage+MultiFormat.h"; sourceTree = "<group>"; };
		9969DE371B1ED60400723888 /* UIImage+MultiFormat.m */ = {isa = PBXFileReference; fileEncoding = 4; lastKnownFileType = sourcecode.c.objc; path = "UIImage+MultiFormat.m"; sourceTree = "<group>"; };
		9969DE381B1ED60400723888 /* UIImage+WebP.h */ = {isa = PBXFileReference; fileEncoding = 4; lastKnownFileType = sourcecode.c.h; path = "UIImage+WebP.h"; sourceTree = "<group>"; };
		9969DE391B1ED60400723888 /* UIImage+WebP.m */ = {isa = PBXFileReference; fileEncoding = 4; lastKnownFileType = sourcecode.c.objc; path = "UIImage+WebP.m"; sourceTree = "<group>"; };
		9969DE3A1B1ED60400723888 /* UIImageView+WebCache.h */ = {isa = PBXFileReference; fileEncoding = 4; lastKnownFileType = sourcecode.c.h; path = "UIImageView+WebCache.h"; sourceTree = "<group>"; };
		9969DE3B1B1ED60400723888 /* UIImageView+WebCache.m */ = {isa = PBXFileReference; fileEncoding = 4; lastKnownFileType = sourcecode.c.objc; path = "UIImageView+WebCache.m"; sourceTree = "<group>"; };
		99A7325B1B24190B0033E878 /* SDAddItemViewController.h */ = {isa = PBXFileReference; fileEncoding = 4; lastKnownFileType = sourcecode.c.h; path = SDAddItemViewController.h; sourceTree = "<group>"; };
		99A7325C1B24190B0033E878 /* SDAddItemViewController.m */ = {isa = PBXFileReference; fileEncoding = 4; lastKnownFileType = sourcecode.c.objc; path = SDAddItemViewController.m; sourceTree = "<group>"; };
		99A7325F1B241BDC0033E878 /* SDAddItemGridView.h */ = {isa = PBXFileReference; fileEncoding = 4; lastKnownFileType = sourcecode.c.h; path = SDAddItemGridView.h; sourceTree = "<group>"; };
		99A732601B241BDC0033E878 /* SDAddItemGridView.m */ = {isa = PBXFileReference; fileEncoding = 4; lastKnownFileType = sourcecode.c.objc; path = SDAddItemGridView.m; sourceTree = "<group>"; };
		99AFE9CD1B200DB90049E73B /* SDBasicTableViewController.h */ = {isa = PBXFileReference; fileEncoding = 4; lastKnownFileType = sourcecode.c.h; path = SDBasicTableViewController.h; sourceTree = "<group>"; };
		99AFE9CE1B200DB90049E73B /* SDBasicTableViewController.m */ = {isa = PBXFileReference; fileEncoding = 4; lastKnownFileType = sourcecode.c.objc; path = SDBasicTableViewController.m; sourceTree = "<group>"; };
		99AFE9D01B20113E0049E73B /* SDAssetsTableViewController.h */ = {isa = PBXFileReference; fileEncoding = 4; lastKnownFileType = sourcecode.c.h; path = SDAssetsTableViewController.h; sourceTree = "<group>"; };
		99AFE9D11B20113E0049E73B /* SDAssetsTableViewController.m */ = {isa = PBXFileReference; fileEncoding = 4; lastKnownFileType = sourcecode.c.objc; path = SDAssetsTableViewController.m; sourceTree = "<group>"; };
		99AFE9D41B2016D50049E73B /* SDBasicTableViewControllerCell.h */ = {isa = PBXFileReference; fileEncoding = 4; lastKnownFileType = sourcecode.c.h; path = SDBasicTableViewControllerCell.h; sourceTree = "<group>"; };
		99AFE9D51B2016D50049E73B /* SDBasicTableViewControllerCell.m */ = {isa = PBXFileReference; fileEncoding = 4; lastKnownFileType = sourcecode.c.objc; path = SDBasicTableViewControllerCell.m; sourceTree = "<group>"; };
		99AFE9D91B201A480049E73B /* SDAssetsTableViewControllerCell.h */ = {isa = PBXFileReference; fileEncoding = 4; lastKnownFileType = sourcecode.c.h; path = SDAssetsTableViewControllerCell.h; sourceTree = "<group>"; };
		99AFE9DA1B201A480049E73B /* SDAssetsTableViewControllerCell.m */ = {isa = PBXFileReference; fileEncoding = 4; lastKnownFileType = sourcecode.c.objc; path = SDAssetsTableViewControllerCell.m; sourceTree = "<group>"; };
		99AFE9DD1B201B4C0049E73B /* SDAssetsTableViewControllerCellModel.h */ = {isa = PBXFileReference; fileEncoding = 4; lastKnownFileType = sourcecode.c.h; path = SDAssetsTableViewControllerCellModel.h; sourceTree = "<group>"; };
		99AFE9DE1B201B4C0049E73B /* SDAssetsTableViewControllerCellModel.m */ = {isa = PBXFileReference; fileEncoding = 4; lastKnownFileType = sourcecode.c.objc; path = SDAssetsTableViewControllerCellModel.m; sourceTree = "<group>"; };
		99AFE9E01B2033660049E73B /* SDAssetsTableViewHeader.h */ = {isa = PBXFileReference; fileEncoding = 4; lastKnownFileType = sourcecode.c.h; path = SDAssetsTableViewHeader.h; sourceTree = "<group>"; };
		99AFE9E11B2033660049E73B /* SDAssetsTableViewHeader.m */ = {isa = PBXFileReference; fileEncoding = 4; lastKnownFileType = sourcecode.c.objc; path = SDAssetsTableViewHeader.m; sourceTree = "<group>"; };
		99AFE9E31B2033970049E73B /* SDAssetsTableViewHeader.xib */ = {isa = PBXFileReference; fileEncoding = 4; lastKnownFileType = file.xib; path = SDAssetsTableViewHeader.xib; sourceTree = "<group>"; };
		99AFE9E61B2071E10049E73B /* SDServiceTableViewController.h */ = {isa = PBXFileReference; fileEncoding = 4; lastKnownFileType = sourcecode.c.h; path = SDServiceTableViewController.h; sourceTree = "<group>"; };
		99AFE9E71B2071E10049E73B /* SDServiceTableViewController.m */ = {isa = PBXFileReference; fileEncoding = 4; lastKnownFileType = sourcecode.c.objc; path = SDServiceTableViewController.m; sourceTree = "<group>"; };
		99AFE9EC1B2073720049E73B /* SDServiceTableViewCellModel.h */ = {isa = PBXFileReference; fileEncoding = 4; lastKnownFileType = sourcecode.c.h; path = SDServiceTableViewCellModel.h; sourceTree = "<group>"; };
		99AFE9ED1B2073720049E73B /* SDServiceTableViewCellModel.m */ = {isa = PBXFileReference; fileEncoding = 4; lastKnownFileType = sourcecode.c.objc; path = SDServiceTableViewCellModel.m; sourceTree = "<group>"; };
		99AFE9EF1B2073BF0049E73B /* SDServiceTableViewCell.h */ = {isa = PBXFileReference; fileEncoding = 4; lastKnownFileType = sourcecode.c.h; path = SDServiceTableViewCell.h; sourceTree = "<group>"; };
		99AFE9F01B2073BF0049E73B /* SDServiceTableViewCell.m */ = {isa = PBXFileReference; fileEncoding = 4; lastKnownFileType = sourcecode.c.objc; path = SDServiceTableViewCell.m; sourceTree = "<group>"; };
		99AFE9F21B20785D0049E73B /* SDServiceTableViewCell.xib */ = {isa = PBXFileReference; fileEncoding = 4; lastKnownFileType = file.xib; path = SDServiceTableViewCell.xib; sourceTree = "<group>"; };
		99AFE9F71B2086690049E73B /* SDServiceTableViewHeader.h */ = {isa = PBXFileReference; fileEncoding = 4; lastKnownFileType = sourcecode.c.h; path = SDServiceTableViewHeader.h; sourceTree = "<group>"; };
		99AFE9F81B2086690049E73B /* SDServiceTableViewHeader.m */ = {isa = PBXFileReference; fileEncoding = 4; lastKnownFileType = sourcecode.c.objc; path = SDServiceTableViewHeader.m; sourceTree = "<group>"; };
		99AFE9FE1B20ACB40049E73B /* SDDiscoverTableViewController.h */ = {isa = PBXFileReference; fileEncoding = 4; lastKnownFileType = sourcecode.c.h; path = SDDiscoverTableViewController.h; sourceTree = "<group>"; };
		99AFE9FF1B20ACB40049E73B /* SDDiscoverTableViewController.m */ = {isa = PBXFileReference; fileEncoding = 4; lastKnownFileType = sourcecode.c.objc; path = SDDiscoverTableViewController.m; sourceTree = "<group>"; };
		99AFEA011B20AEC20049E73B /* SDDiscoverTableViewHeader.h */ = {isa = PBXFileReference; fileEncoding = 4; lastKnownFileType = sourcecode.c.h; path = SDDiscoverTableViewHeader.h; sourceTree = "<group>"; };
		99AFEA021B20AEC20049E73B /* SDDiscoverTableViewHeader.m */ = {isa = PBXFileReference; fileEncoding = 4; lastKnownFileType = sourcecode.c.objc; path = SDDiscoverTableViewHeader.m; sourceTree = "<group>"; };
		99AFEA041B20AFC50049E73B /* SDDiscoverTableViewHeaderItemButton.h */ = {isa = PBXFileReference; fileEncoding = 4; lastKnownFileType = sourcecode.c.h; path = SDDiscoverTableViewHeaderItemButton.h; sourceTree = "<group>"; };
		99AFEA051B20AFC50049E73B /* SDDiscoverTableViewHeaderItemButton.m */ = {isa = PBXFileReference; fileEncoding = 4; lastKnownFileType = sourcecode.c.objc; path = SDDiscoverTableViewHeaderItemButton.m; sourceTree = "<group>"; };
/* End PBXFileReference section */

/* Begin PBXFrameworksBuildPhase section */
		992903501B1EBDBC00290346 /* Frameworks */ = {
			isa = PBXFrameworksBuildPhase;
			buildActionMask = 2147483647;
			files = (
			);
			runOnlyForDeploymentPostprocessing = 0;
		};
		992903691B1EBDBC00290346 /* Frameworks */ = {
			isa = PBXFrameworksBuildPhase;
			buildActionMask = 2147483647;
			files = (
			);
			runOnlyForDeploymentPostprocessing = 0;
		};
/* End PBXFrameworksBuildPhase section */

/* Begin PBXGroup section */
		486C14221B79FA9200447104 /* Tool */ = {
			isa = PBXGroup;
			children = (
				486C14231B79FAF000447104 /* SDGridItemCacheTool.h */,
				486C14241B79FAF000447104 /* SDGridItemCacheTool.m */,
			);
			path = Tool;
			sourceTree = "<group>";
		};
		9904C7441B1F2F3800E2717D /* SDCycleScrollView */ = {
			isa = PBXGroup;
			children = (
				9904C7451B1F2F3800E2717D /* NSData+SDDataCache.h */,
				9904C7461B1F2F3800E2717D /* NSData+SDDataCache.m */,
				9904C7471B1F2F3800E2717D /* PageControl */,
				9904C7501B1F2F3800E2717D /* SDCollectionViewCell.h */,
				9904C7511B1F2F3800E2717D /* SDCollectionViewCell.m */,
				9904C7521B1F2F3800E2717D /* SDCycleScrollView.h */,
				9904C7531B1F2F3800E2717D /* SDCycleScrollView.m */,
				9904C7541B1F2F3800E2717D /* UIView+SDExtension.h */,
				9904C7551B1F2F3800E2717D /* UIView+SDExtension.m */,
			);
			path = SDCycleScrollView;
			sourceTree = "<group>";
		};
		9904C7471B1F2F3800E2717D /* PageControl */ = {
			isa = PBXGroup;
			children = (
				9904C7481B1F2F3800E2717D /* TAAbstractDotView.h */,
				9904C7491B1F2F3800E2717D /* TAAbstractDotView.m */,
				9904C74A1B1F2F3800E2717D /* TAAnimatedDotView.h */,
				9904C74B1B1F2F3800E2717D /* TAAnimatedDotView.m */,
				9904C74C1B1F2F3800E2717D /* TADotView.h */,
				9904C74D1B1F2F3800E2717D /* TADotView.m */,
				9904C74E1B1F2F3800E2717D /* TAPageControl.h */,
				9904C74F1B1F2F3800E2717D /* TAPageControl.m */,
			);
			path = PageControl;
			sourceTree = "<group>";
		};
		990759C21B2140310042DD52 /* Host */ = {
			isa = PBXGroup;
			children = (
				99AFE9FD1B20ABB30049E73B /* Controllers */,
				99AFE9FC1B20AB6D0049E73B /* Models */,
				99AFE9FB1B20AB640049E73B /* Views */,
			);
			name = Host;
			sourceTree = "<group>";
		};
		990759C31B2140770042DD52 /* YuEBao */ = {
			isa = PBXGroup;
			children = (
				990759D71B2216A70042DD52 /* Controllers */,
				990759D31B220C820042DD52 /* Models */,
				990759D21B220C710042DD52 /* Views */,
			);
			name = YuEBao;
			path = ../Discover;
			sourceTree = "<group>";
		};
		990759D21B220C710042DD52 /* Views */ = {
			isa = PBXGroup;
			children = (
				990759C41B2140C80042DD52 /* SDYuEBaoTableViewCell.h */,
				990759C51B2140C80042DD52 /* SDYuEBaoTableViewCell.m */,
				990759CA1B2141630042DD52 /* SDYuEBaoTableViewCellContentView.h */,
				990759CB1B2141630042DD52 /* SDYuEBaoTableViewCellContentView.m */,
				990759CD1B2141820042DD52 /* SDYuEBaoTableViewCellContentView.xib */,
			);
			name = Views;
			sourceTree = "<group>";
		};
		990759D31B220C820042DD52 /* Models */ = {
			isa = PBXGroup;
			children = (
				990759D41B220CA10042DD52 /* SDYuEBaoTableViewCellModel.h */,
				990759D51B220CA10042DD52 /* SDYuEBaoTableViewCellModel.m */,
			);
			name = Models;
			sourceTree = "<group>";
		};
		990759D71B2216A70042DD52 /* Controllers */ = {
			isa = PBXGroup;
			children = (
				990759D81B2216DC0042DD52 /* SDYuEBaoTableViewController.h */,
				990759D91B2216DC0042DD52 /* SDYuEBaoTableViewController.m */,
			);
			name = Controllers;
			sourceTree = "<group>";
		};
		990759DB1B2217870042DD52 /* Host */ = {
			isa = PBXGroup;
			children = (
				99AFE9DC1B201AF90049E73B /* Models */,
				99AFE9D81B201A120049E73B /* Views */,
				99AFE9D71B2019FE0049E73B /* Controllers */,
			);
			name = Host;
			sourceTree = "<group>";
		};
		9929034A1B1EBDBC00290346 = {
			isa = PBXGroup;
			children = (
				992903551B1EBDBC00290346 /* GSD_ZHIFUBAO */,
				9929036F1B1EBDBC00290346 /* GSD_ZHIFUBAOTests */,
				992903541B1EBDBC00290346 /* Products */,
			);
			sourceTree = "<group>";
		};
		992903541B1EBDBC00290346 /* Products */ = {
			isa = PBXGroup;
			children = (
				992903531B1EBDBC00290346 /* GSD_ZHIFUBAO.app */,
				9929036C1B1EBDBC00290346 /* GSD_ZHIFUBAOTests.xctest */,
			);
			name = Products;
			sourceTree = "<group>";
		};
		992903551B1EBDBC00290346 /* GSD_ZHIFUBAO */ = {
			isa = PBXGroup;
			children = (
				9929037C1B1EBDE500290346 /* Classes */,
				992903561B1EBDBC00290346 /* Supporting Files */,
			);
			path = GSD_ZHIFUBAO;
			sourceTree = "<group>";
		};
		992903561B1EBDBC00290346 /* Supporting Files */ = {
			isa = PBXGroup;
			children = (
				992903631B1EBDBC00290346 /* Images.xcassets */,
				992903571B1EBDBC00290346 /* Info.plist */,
				992903581B1EBDBC00290346 /* main.m */,
			);
			name = "Supporting Files";
			sourceTree = "<group>";
		};
		9929036F1B1EBDBC00290346 /* GSD_ZHIFUBAOTests */ = {
			isa = PBXGroup;
			children = (
				992903721B1EBDBC00290346 /* GSD_ZHIFUBAOTests.m */,
				992903701B1EBDBC00290346 /* Supporting Files */,
			);
			path = GSD_ZHIFUBAOTests;
			sourceTree = "<group>";
		};
		992903701B1EBDBC00290346 /* Supporting Files */ = {
			isa = PBXGroup;
			children = (
				992903711B1EBDBC00290346 /* Info.plist */,
			);
			name = "Supporting Files";
			sourceTree = "<group>";
		};
		9929037C1B1EBDE500290346 /* Classes */ = {
			isa = PBXGroup;
			children = (
				99AFE9FA1B20AB590049E73B /* Discover */,
				99AFE9E51B2071B20049E73B /* Service */,
				99AFE9CB1B200CC10049E73B /* Assets */,
				9929038B1B1EC75B00290346 /* Home */,
				9929037D1B1EBE2000290346 /* Common */,
				9929037E1B1EBE2000290346 /* Frame */,
				9929037F1B1EBE2000290346 /* Others */,
			);
			path = Classes;
			sourceTree = "<group>";
		};
		9929037D1B1EBE2000290346 /* Common */ = {
			isa = PBXGroup;
			children = (
				486C14221B79FA9200447104 /* Tool */,
				99AFE9CC1B200D800049E73B /* SDBasicTableViewController */,
				9969DE1D1B1ED5E500723888 /* Lib */,
				9929038F1B1EC97D00290346 /* Category */,
				992903871B1EC0A800290346 /* SDBasicViewContoller */,
				992903831B1EBEE000290346 /* SDBasicNavigationController */,
			);
			path = Common;
			sourceTree = "<group>";
		};
		9929037E1B1EBE2000290346 /* Frame */ = {
			isa = PBXGroup;
			children = (
				992903801B1EBED700290346 /* SDFrameTabBarController.h */,
				992903811B1EBED700290346 /* SDFrameTabBarController.m */,
			);
			path = Frame;
			sourceTree = "<group>";
		};
		9929037F1B1EBE2000290346 /* Others */ = {
			isa = PBXGroup;
			children = (
				485E94891B3AC44A00688546 /* AppDelegate.h */,
				485E948A1B3AC44A00688546 /* AppDelegate.m */,
			);
			path = Others;
			sourceTree = "<group>";
		};
		992903831B1EBEE000290346 /* SDBasicNavigationController */ = {
			isa = PBXGroup;
			children = (
				992903841B1EBF2000290346 /* SDBasicNavigationController.h */,
				992903851B1EBF2000290346 /* SDBasicNavigationController.m */,
			);
			name = SDBasicNavigationController;
			sourceTree = "<group>";
		};
		992903871B1EC0A800290346 /* SDBasicViewContoller */ = {
			isa = PBXGroup;
			children = (
				992903881B1EC0ED00290346 /* SDBasicViewContoller.h */,
				992903891B1EC0ED00290346 /* SDBasicViewContoller.m */,
			);
			name = SDBasicViewContoller;
			sourceTree = "<group>";
		};
		9929038B1B1EC75B00290346 /* Home */ = {
			isa = PBXGroup;
			children = (
				9958FBA21B23441300BC9E92 /* AddItem */,
				9958FB9E1B23043E00BC9E92 /* Scan */,
				9958FB9D1B23042A00BC9E92 /* Host */,
			);
			path = Home;
			sourceTree = "<group>";
		};
		9929038F1B1EC97D00290346 /* Category */ = {
			isa = PBXGroup;
			children = (
				992903901B1EC99300290346 /* UIView+SDExtension.h */,
				992903911B1EC99300290346 /* UIView+SDExtension.m */,
			);
			name = Category;
			sourceTree = "<group>";
		};
		9958FB9D1B23042A00BC9E92 /* Host */ = {
			isa = PBXGroup;
			children = (
				9969DE131B1ECF9B00723888 /* Controllers */,
				9969DE121B1ECF9300723888 /* Views */,
				9969DE111B1ECF8600723888 /* Models */,
			);
			name = Host;
			sourceTree = "<group>";
		};
		9958FB9E1B23043E00BC9E92 /* Scan */ = {
			isa = PBXGroup;
			children = (
				9958FB9F1B23046900BC9E92 /* SDScanViewController.h */,
				9958FBA01B23046900BC9E92 /* SDScanViewController.m */,
			);
			name = Scan;
			sourceTree = "<group>";
		};
		9958FBA21B23441300BC9E92 /* AddItem */ = {
			isa = PBXGroup;
			children = (
				99A7325E1B24192B0033E878 /* Views */,
				99A7325A1B2418E30033E878 /* Controllers */,
			);
			name = AddItem;
			sourceTree = "<group>";
		};
		9969DE111B1ECF8600723888 /* Models */ = {
			isa = PBXGroup;
			children = (
				9969DE141B1ECFD900723888 /* SDHomeGridItemModel.h */,
				9969DE151B1ECFD900723888 /* SDHomeGridItemModel.m */,
			);
			name = Models;
			sourceTree = "<group>";
		};
		9969DE121B1ECF9300723888 /* Views */ = {
			isa = PBXGroup;
			children = (
				9969DE171B1ED13000723888 /* SDHomeGridView.h */,
				9969DE181B1ED13000723888 /* SDHomeGridView.m */,
				9969DE1A1B1ED2E900723888 /* SDHomeGridViewListItemView.h */,
				9969DE1B1B1ED2E900723888 /* SDHomeGridViewListItemView.m */,
				990759CF1B21F0AA0042DD52 /* SDHomeGridViewListItemViewButton.h */,
				990759D01B21F0AA0042DD52 /* SDHomeGridViewListItemViewButton.m */,
			);
			name = Views;
			sourceTree = "<group>";
		};
		9969DE131B1ECF9B00723888 /* Controllers */ = {
			isa = PBXGroup;
			children = (
				9929038C1B1EC79300290346 /* SDHomeViewController.h */,
				9929038D1B1EC79300290346 /* SDHomeViewController.m */,
			);
			name = Controllers;
			sourceTree = "<group>";
		};
		9969DE1D1B1ED5E500723888 /* Lib */ = {
			isa = PBXGroup;
			children = (
				9904C7441B1F2F3800E2717D /* SDCycleScrollView */,
				9969DE1E1B1ED60400723888 /* SDWebImage */,
			);
			path = Lib;
			sourceTree = "<group>";
		};
		9969DE1E1B1ED60400723888 /* SDWebImage */ = {
			isa = PBXGroup;
			children = (
				9969DE1F1B1ED60400723888 /* MKAnnotationView+WebCache.h */,
				9969DE201B1ED60400723888 /* MKAnnotationView+WebCache.m */,
				9969DE211B1ED60400723888 /* NSData+ImageContentType.h */,
				9969DE221B1ED60400723888 /* NSData+ImageContentType.m */,
				9969DE231B1ED60400723888 /* SDImageCache.h */,
				9969DE241B1ED60400723888 /* SDImageCache.m */,
				9969DE251B1ED60400723888 /* SDWebImageCompat.h */,
				9969DE261B1ED60400723888 /* SDWebImageCompat.m */,
				9969DE271B1ED60400723888 /* SDWebImageDecoder.h */,
				9969DE281B1ED60400723888 /* SDWebImageDecoder.m */,
				9969DE291B1ED60400723888 /* SDWebImageDownloader.h */,
				9969DE2A1B1ED60400723888 /* SDWebImageDownloader.m */,
				9969DE2B1B1ED60400723888 /* SDWebImageDownloaderOperation.h */,
				9969DE2C1B1ED60400723888 /* SDWebImageDownloaderOperation.m */,
				9969DE2D1B1ED60400723888 /* SDWebImageManager.h */,
				9969DE2E1B1ED60400723888 /* SDWebImageManager.m */,
				9969DE2F1B1ED60400723888 /* SDWebImageOperation.h */,
				9969DE301B1ED60400723888 /* SDWebImagePrefetcher.h */,
				9969DE311B1ED60400723888 /* SDWebImagePrefetcher.m */,
				9969DE321B1ED60400723888 /* UIButton+WebCache.h */,
				9969DE331B1ED60400723888 /* UIButton+WebCache.m */,
				9969DE341B1ED60400723888 /* UIImage+GIF.h */,
				9969DE351B1ED60400723888 /* UIImage+GIF.m */,
				9969DE361B1ED60400723888 /* UIImage+MultiFormat.h */,
				9969DE371B1ED60400723888 /* UIImage+MultiFormat.m */,
				9969DE381B1ED60400723888 /* UIImage+WebP.h */,
				9969DE391B1ED60400723888 /* UIImage+WebP.m */,
				9969DE3A1B1ED60400723888 /* UIImageView+WebCache.h */,
				9969DE3B1B1ED60400723888 /* UIImageView+WebCache.m */,
			);
			path = SDWebImage;
			sourceTree = "<group>";
		};
		99A7325A1B2418E30033E878 /* Controllers */ = {
			isa = PBXGroup;
			children = (
				99A7325B1B24190B0033E878 /* SDAddItemViewController.h */,
				99A7325C1B24190B0033E878 /* SDAddItemViewController.m */,
			);
			name = Controllers;
			sourceTree = "<group>";
		};
		99A7325E1B24192B0033E878 /* Views */ = {
			isa = PBXGroup;
			children = (
				99A7325F1B241BDC0033E878 /* SDAddItemGridView.h */,
				99A732601B241BDC0033E878 /* SDAddItemGridView.m */,
			);
			name = Views;
			sourceTree = "<group>";
		};
		99AFE9CB1B200CC10049E73B /* Assets */ = {
			isa = PBXGroup;
			children = (
				990759C31B2140770042DD52 /* YuEBao */,
				990759DB1B2217870042DD52 /* Host */,
			);
			path = Assets;
			sourceTree = "<group>";
		};
		99AFE9CC1B200D800049E73B /* SDBasicTableViewController */ = {
			isa = PBXGroup;
			children = (
				99AFE9D31B2016BC0049E73B /* SDBasicTableViewControllerCell */,
				99AFE9CD1B200DB90049E73B /* SDBasicTableViewController.h */,
				99AFE9CE1B200DB90049E73B /* SDBasicTableViewController.m */,
			);
			name = SDBasicTableViewController;
			sourceTree = "<group>";
		};
		99AFE9D31B2016BC0049E73B /* SDBasicTableViewControllerCell */ = {
			isa = PBXGroup;
			children = (
				99AFE9D41B2016D50049E73B /* SDBasicTableViewControllerCell.h */,
				99AFE9D51B2016D50049E73B /* SDBasicTableViewControllerCell.m */,
			);
			name = SDBasicTableViewControllerCell;
			sourceTree = "<group>";
		};
		99AFE9D71B2019FE0049E73B /* Controllers */ = {
			isa = PBXGroup;
			children = (
				99AFE9D01B20113E0049E73B /* SDAssetsTableViewController.h */,
				99AFE9D11B20113E0049E73B /* SDAssetsTableViewController.m */,
			);
			name = Controllers;
			sourceTree = "<group>";
		};
		99AFE9D81B201A120049E73B /* Views */ = {
			isa = PBXGroup;
			children = (
				99AFE9D91B201A480049E73B /* SDAssetsTableViewControllerCell.h */,
				99AFE9DA1B201A480049E73B /* SDAssetsTableViewControllerCell.m */,
				99AFE9E01B2033660049E73B /* SDAssetsTableViewHeader.h */,
				99AFE9E11B2033660049E73B /* SDAssetsTableViewHeader.m */,
				99AFE9E31B2033970049E73B /* SDAssetsTableViewHeader.xib */,
			);
			name = Views;
			sourceTree = "<group>";
		};
		99AFE9DC1B201AF90049E73B /* Models */ = {
			isa = PBXGroup;
			children = (
				99AFE9DD1B201B4C0049E73B /* SDAssetsTableViewControllerCellModel.h */,
				99AFE9DE1B201B4C0049E73B /* SDAssetsTableViewControllerCellModel.m */,
			);
			name = Models;
			sourceTree = "<group>";
		};
		99AFE9E51B2071B20049E73B /* Service */ = {
			isa = PBXGroup;
			children = (
				99AFE9EB1B2073320049E73B /* Views */,
				99AFE9EA1B20732B0049E73B /* Models */,
				99AFE9E91B2073230049E73B /* Controllers */,
			);
			path = Service;
			sourceTree = "<group>";
		};
		99AFE9E91B2073230049E73B /* Controllers */ = {
			isa = PBXGroup;
			children = (
				99AFE9E61B2071E10049E73B /* SDServiceTableViewController.h */,
				99AFE9E71B2071E10049E73B /* SDServiceTableViewController.m */,
			);
			name = Controllers;
			sourceTree = "<group>";
		};
		99AFE9EA1B20732B0049E73B /* Models */ = {
			isa = PBXGroup;
			children = (
				99AFE9EC1B2073720049E73B /* SDServiceTableViewCellModel.h */,
				99AFE9ED1B2073720049E73B /* SDServiceTableViewCellModel.m */,
			);
			name = Models;
			sourceTree = "<group>";
		};
		99AFE9EB1B2073320049E73B /* Views */ = {
			isa = PBXGroup;
			children = (
				99AFE9EF1B2073BF0049E73B /* SDServiceTableViewCell.h */,
				99AFE9F01B2073BF0049E73B /* SDServiceTableViewCell.m */,
				99AFE9F21B20785D0049E73B /* SDServiceTableViewCell.xib */,
				99AFE9F71B2086690049E73B /* SDServiceTableViewHeader.h */,
				99AFE9F81B2086690049E73B /* SDServiceTableViewHeader.m */,
			);
			name = Views;
			sourceTree = "<group>";
		};
		99AFE9FA1B20AB590049E73B /* Discover */ = {
			isa = PBXGroup;
			children = (
				990759C21B2140310042DD52 /* Host */,
			);
			path = Discover;
			sourceTree = "<group>";
		};
		99AFE9FB1B20AB640049E73B /* Views */ = {
			isa = PBXGroup;
			children = (
				99AFEA081B20B0870049E73B /* SDDiscoverTableViewHeader */,
				99AFEA071B20AFCF0049E73B /* SDDiscoverTableViewHeaderItemButton */,
			);
			name = Views;
			sourceTree = "<group>";
		};
		99AFE9FC1B20AB6D0049E73B /* Models */ = {
			isa = PBXGroup;
			children = (
			);
			name = Models;
			sourceTree = "<group>";
		};
		99AFE9FD1B20ABB30049E73B /* Controllers */ = {
			isa = PBXGroup;
			children = (
				99AFE9FE1B20ACB40049E73B /* SDDiscoverTableViewController.h */,
				99AFE9FF1B20ACB40049E73B /* SDDiscoverTableViewController.m */,
			);
			name = Controllers;
			sourceTree = "<group>";
		};
		99AFEA071B20AFCF0049E73B /* SDDiscoverTableViewHeaderItemButton */ = {
			isa = PBXGroup;
			children = (
				99AFEA041B20AFC50049E73B /* SDDiscoverTableViewHeaderItemButton.h */,
				99AFEA051B20AFC50049E73B /* SDDiscoverTableViewHeaderItemButton.m */,
			);
			name = SDDiscoverTableViewHeaderItemButton;
			sourceTree = "<group>";
		};
		99AFEA081B20B0870049E73B /* SDDiscoverTableViewHeader */ = {
			isa = PBXGroup;
			children = (
				99AFEA011B20AEC20049E73B /* SDDiscoverTableViewHeader.h */,
				99AFEA021B20AEC20049E73B /* SDDiscoverTableViewHeader.m */,
			);
			name = SDDiscoverTableViewHeader;
			sourceTree = "<group>";
		};
/* End PBXGroup section */

/* Begin PBXNativeTarget section */
		992903521B1EBDBC00290346 /* GSD_ZHIFUBAO */ = {
			isa = PBXNativeTarget;
			buildConfigurationList = 992903761B1EBDBC00290346 /* Build configuration list for PBXNativeTarget "GSD_ZHIFUBAO" */;
			buildPhases = (
				9929034F1B1EBDBC00290346 /* Sources */,
				992903501B1EBDBC00290346 /* Frameworks */,
				992903511B1EBDBC00290346 /* Resources */,
			);
			buildRules = (
			);
			dependencies = (
			);
			name = GSD_ZHIFUBAO;
			productName = GSD_ZHIFUBAO;
			productReference = 992903531B1EBDBC00290346 /* GSD_ZHIFUBAO.app */;
			productType = "com.apple.product-type.application";
		};
		9929036B1B1EBDBC00290346 /* GSD_ZHIFUBAOTests */ = {
			isa = PBXNativeTarget;
			buildConfigurationList = 992903791B1EBDBC00290346 /* Build configuration list for PBXNativeTarget "GSD_ZHIFUBAOTests" */;
			buildPhases = (
				992903681B1EBDBC00290346 /* Sources */,
				992903691B1EBDBC00290346 /* Frameworks */,
				9929036A1B1EBDBC00290346 /* Resources */,
			);
			buildRules = (
			);
			dependencies = (
				9929036E1B1EBDBC00290346 /* PBXTargetDependency */,
			);
			name = GSD_ZHIFUBAOTests;
			productName = GSD_ZHIFUBAOTests;
			productReference = 9929036C1B1EBDBC00290346 /* GSD_ZHIFUBAOTests.xctest */;
			productType = "com.apple.product-type.bundle.unit-test";
		};
/* End PBXNativeTarget section */

/* Begin PBXProject section */
		9929034B1B1EBDBC00290346 /* Project object */ = {
			isa = PBXProject;
			attributes = {
				LastUpgradeCheck = 0610;
				ORGANIZATIONNAME = GSD;
				TargetAttributes = {
					992903521B1EBDBC00290346 = {
						CreatedOnToolsVersion = 6.1;
					};
					9929036B1B1EBDBC00290346 = {
						CreatedOnToolsVersion = 6.1;
						TestTargetID = 992903521B1EBDBC00290346;
					};
				};
			};
			buildConfigurationList = 9929034E1B1EBDBC00290346 /* Build configuration list for PBXProject "GSD_ZHIFUBAO" */;
			compatibilityVersion = "Xcode 3.2";
			developmentRegion = English;
			hasScannedForEncodings = 0;
			knownRegions = (
				en,
				Base,
			);
			mainGroup = 9929034A1B1EBDBC00290346;
			productRefGroup = 992903541B1EBDBC00290346 /* Products */;
			projectDirPath = "";
			projectRoot = "";
			targets = (
				992903521B1EBDBC00290346 /* GSD_ZHIFUBAO */,
				9929036B1B1EBDBC00290346 /* GSD_ZHIFUBAOTests */,
			);
		};
/* End PBXProject section */

/* Begin PBXResourcesBuildPhase section */
		992903511B1EBDBC00290346 /* Resources */ = {
			isa = PBXResourcesBuildPhase;
			buildActionMask = 2147483647;
			files = (
				99AFE9F31B20785D0049E73B /* SDServiceTableViewCell.xib in Resources */,
				99AFE9E41B2033970049E73B /* SDAssetsTableViewHeader.xib in Resources */,
				990759CE1B2141820042DD52 /* SDYuEBaoTableViewCellContentView.xib in Resources */,
				992903641B1EBDBC00290346 /* Images.xcassets in Resources */,
			);
			runOnlyForDeploymentPostprocessing = 0;
		};
		9929036A1B1EBDBC00290346 /* Resources */ = {
			isa = PBXResourcesBuildPhase;
			buildActionMask = 2147483647;
			files = (
			);
			runOnlyForDeploymentPostprocessing = 0;
		};
/* End PBXResourcesBuildPhase section */

/* Begin PBXSourcesBuildPhase section */
		9929034F1B1EBDBC00290346 /* Sources */ = {
			isa = PBXSourcesBuildPhase;
			buildActionMask = 2147483647;
			files = (
				990759D11B21F0AA0042DD52 /* SDHomeGridViewListItemViewButton.m in Sources */,
				99AFE9E81B2071E10049E73B /* SDServiceTableViewController.m in Sources */,
				485E948B1B3AC44A00688546 /* AppDelegate.m in Sources */,
				9969DE1C1B1ED2E900723888 /* SDHomeGridViewListItemView.m in Sources */,
				9904C7591B1F2F3800E2717D /* TADotView.m in Sources */,
				9969DE3C1B1ED60400723888 /* MKAnnotationView+WebCache.m in Sources */,
				9969DE491B1ED60400723888 /* UIImageView+WebCache.m in Sources */,
				992903921B1EC99300290346 /* UIView+SDExtension.m in Sources */,
				990759DA1B2216DC0042DD52 /* SDYuEBaoTableViewController.m in Sources */,
				99AFE9CF1B200DB90049E73B /* SDBasicTableViewController.m in Sources */,
				99AFE9E21B2033660049E73B /* SDAssetsTableViewHeader.m in Sources */,
				9969DE441B1ED60400723888 /* SDWebImagePrefetcher.m in Sources */,
				99AFEA001B20ACB40049E73B /* SDDiscoverTableViewController.m in Sources */,
				9969DE431B1ED60400723888 /* SDWebImageManager.m in Sources */,
				9904C75D1B1F2F3800E2717D /* UIView+SDExtension.m in Sources */,
				99AFE9D21B20113E0049E73B /* SDAssetsTableViewController.m in Sources */,
				9929038E1B1EC79300290346 /* SDHomeViewController.m in Sources */,
				9904C7571B1F2F3800E2717D /* TAAbstractDotView.m in Sources */,
				9969DE3F1B1ED60400723888 /* SDWebImageCompat.m in Sources */,
				99AFE9D61B2016D50049E73B /* SDBasicTableViewControllerCell.m in Sources */,
				992903861B1EBF2000290346 /* SDBasicNavigationController.m in Sources */,
				9969DE401B1ED60400723888 /* SDWebImageDecoder.m in Sources */,
				990759D61B220CA10042DD52 /* SDYuEBaoTableViewCellModel.m in Sources */,
				9969DE471B1ED60400723888 /* UIImage+MultiFormat.m in Sources */,
				99AFE9DF1B201B4C0049E73B /* SDAssetsTableViewControllerCellModel.m in Sources */,
				9904C75C1B1F2F3800E2717D /* SDCycleScrollView.m in Sources */,
				9969DE481B1ED60400723888 /* UIImage+WebP.m in Sources */,
				9969DE421B1ED60400723888 /* SDWebImageDownloaderOperation.m in Sources */,
				9969DE411B1ED60400723888 /* SDWebImageDownloader.m in Sources */,
				9969DE461B1ED60400723888 /* UIImage+GIF.m in Sources */,
				9958FBA11B23046900BC9E92 /* SDScanViewController.m in Sources */,
				99AFE9DB1B201A480049E73B /* SDAssetsTableViewControllerCell.m in Sources */,
				99AFE9F11B2073BF0049E73B /* SDServiceTableViewCell.m in Sources */,
				9904C7581B1F2F3800E2717D /* TAAnimatedDotView.m in Sources */,
				486C14251B79FAF000447104 /* SDGridItemCacheTool.m in Sources */,
				9904C75A1B1F2F3800E2717D /* TAPageControl.m in Sources */,
				992903591B1EBDBC00290346 /* main.m in Sources */,
				99A732611B241BDC0033E878 /* SDAddItemGridView.m in Sources */,
				9969DE191B1ED13000723888 /* SDHomeGridView.m in Sources */,
				9929038A1B1EC0ED00290346 /* SDBasicViewContoller.m in Sources */,
				99A7325D1B24190B0033E878 /* SDAddItemViewController.m in Sources */,
				9904C75B1B1F2F3800E2717D /* SDCollectionViewCell.m in Sources */,
				990759C61B2140C80042DD52 /* SDYuEBaoTableViewCell.m in Sources */,
				9969DE161B1ECFD900723888 /* SDHomeGridItemModel.m in Sources */,
				99AFEA061B20AFC50049E73B /* SDDiscoverTableViewHeaderItemButton.m in Sources */,
				9904C7561B1F2F3800E2717D /* NSData+SDDataCache.m in Sources */,
				9969DE3E1B1ED60400723888 /* SDImageCache.m in Sources */,
				99AFE9EE1B2073720049E73B /* SDServiceTableViewCellModel.m in Sources */,
				9969DE451B1ED60400723888 /* UIButton+WebCache.m in Sources */,
				99AFEA031B20AEC20049E73B /* SDDiscoverTableViewHeader.m in Sources */,
				990759CC1B2141630042DD52 /* SDYuEBaoTableViewCellContentView.m in Sources */,
				9969DE3D1B1ED60400723888 /* NSData+ImageContentType.m in Sources */,
				992903821B1EBED700290346 /* SDFrameTabBarController.m in Sources */,
				99AFE9F91B2086690049E73B /* SDServiceTableViewHeader.m in Sources */,
			);
			runOnlyForDeploymentPostprocessing = 0;
		};
		992903681B1EBDBC00290346 /* Sources */ = {
			isa = PBXSourcesBuildPhase;
			buildActionMask = 2147483647;
			files = (
				992903731B1EBDBC00290346 /* GSD_ZHIFUBAOTests.m in Sources */,
			);
			runOnlyForDeploymentPostprocessing = 0;
		};
/* End PBXSourcesBuildPhase section */

/* Begin PBXTargetDependency section */
		9929036E1B1EBDBC00290346 /* PBXTargetDependency */ = {
			isa = PBXTargetDependency;
			target = 992903521B1EBDBC00290346 /* GSD_ZHIFUBAO */;
			targetProxy = 9929036D1B1EBDBC00290346 /* PBXContainerItemProxy */;
		};
/* End PBXTargetDependency section */

/* Begin XCBuildConfiguration section */
		992903741B1EBDBC00290346 /* Debug */ = {
			isa = XCBuildConfiguration;
			buildSettings = {
				ALWAYS_SEARCH_USER_PATHS = NO;
				CLANG_CXX_LANGUAGE_STANDARD = "gnu++0x";
				CLANG_CXX_LIBRARY = "libc++";
				CLANG_ENABLE_MODULES = YES;
				CLANG_ENABLE_OBJC_ARC = YES;
				CLANG_WARN_BOOL_CONVERSION = YES;
				CLANG_WARN_CONSTANT_CONVERSION = YES;
				CLANG_WARN_DIRECT_OBJC_ISA_USAGE = YES_ERROR;
				CLANG_WARN_EMPTY_BODY = YES;
				CLANG_WARN_ENUM_CONVERSION = YES;
				CLANG_WARN_INT_CONVERSION = YES;
				CLANG_WARN_OBJC_ROOT_CLASS = YES_ERROR;
				CLANG_WARN_UNREACHABLE_CODE = YES;
				CLANG_WARN__DUPLICATE_METHOD_MATCH = YES;
				"CODE_SIGN_IDENTITY[sdk=iphoneos*]" = "iPhone Developer";
				COPY_PHASE_STRIP = NO;
				ENABLE_STRICT_OBJC_MSGSEND = YES;
				GCC_C_LANGUAGE_STANDARD = gnu99;
				GCC_DYNAMIC_NO_PIC = NO;
				GCC_OPTIMIZATION_LEVEL = 0;
				GCC_PREPROCESSOR_DEFINITIONS = (
					"DEBUG=1",
					"$(inherited)",
				);
				GCC_SYMBOLS_PRIVATE_EXTERN = NO;
				GCC_WARN_64_TO_32_BIT_CONVERSION = YES;
				GCC_WARN_ABOUT_RETURN_TYPE = YES_ERROR;
				GCC_WARN_UNDECLARED_SELECTOR = YES;
				GCC_WARN_UNINITIALIZED_AUTOS = YES_AGGRESSIVE;
				GCC_WARN_UNUSED_FUNCTION = YES;
				GCC_WARN_UNUSED_VARIABLE = YES;
				IPHONEOS_DEPLOYMENT_TARGET = 8.1;
				MTL_ENABLE_DEBUG_INFO = YES;
				ONLY_ACTIVE_ARCH = YES;
				SDKROOT = iphoneos;
			};
			name = Debug;
		};
		992903751B1EBDBC00290346 /* Release */ = {
			isa = XCBuildConfiguration;
			buildSettings = {
				ALWAYS_SEARCH_USER_PATHS = NO;
				CLANG_CXX_LANGUAGE_STANDARD = "gnu++0x";
				CLANG_CXX_LIBRARY = "libc++";
				CLANG_ENABLE_MODULES = YES;
				CLANG_ENABLE_OBJC_ARC = YES;
				CLANG_WARN_BOOL_CONVERSION = YES;
				CLANG_WARN_CONSTANT_CONVERSION = YES;
				CLANG_WARN_DIRECT_OBJC_ISA_USAGE = YES_ERROR;
				CLANG_WARN_EMPTY_BODY = YES;
				CLANG_WARN_ENUM_CONVERSION = YES;
				CLANG_WARN_INT_CONVERSION = YES;
				CLANG_WARN_OBJC_ROOT_CLASS = YES_ERROR;
				CLANG_WARN_UNREACHABLE_CODE = YES;
				CLANG_WARN__DUPLICATE_METHOD_MATCH = YES;
				"CODE_SIGN_IDENTITY[sdk=iphoneos*]" = "iPhone Developer";
				COPY_PHASE_STRIP = YES;
				ENABLE_NS_ASSERTIONS = NO;
				ENABLE_STRICT_OBJC_MSGSEND = YES;
				GCC_C_LANGUAGE_STANDARD = gnu99;
				GCC_WARN_64_TO_32_BIT_CONVERSION = YES;
				GCC_WARN_ABOUT_RETURN_TYPE = YES_ERROR;
				GCC_WARN_UNDECLARED_SELECTOR = YES;
				GCC_WARN_UNINITIALIZED_AUTOS = YES_AGGRESSIVE;
				GCC_WARN_UNUSED_FUNCTION = YES;
				GCC_WARN_UNUSED_VARIABLE = YES;
				IPHONEOS_DEPLOYMENT_TARGET = 8.1;
				MTL_ENABLE_DEBUG_INFO = NO;
				SDKROOT = iphoneos;
				VALIDATE_PRODUCT = YES;
			};
			name = Release;
		};
		992903771B1EBDBC00290346 /* Debug */ = {
			isa = XCBuildConfiguration;
			buildSettings = {
				ASSETCATALOG_COMPILER_APPICON_NAME = AppIcon;
				ASSETCATALOG_COMPILER_LAUNCHIMAGE_NAME = LaunchImage;
				INFOPLIST_FILE = GSD_ZHIFUBAO/Info.plist;
				IPHONEOS_DEPLOYMENT_TARGET = 7.0;
				LD_RUNPATH_SEARCH_PATHS = "$(inherited) @executable_path/Frameworks";
				PRODUCT_NAME = "$(TARGET_NAME)";
			};
			name = Debug;
		};
		992903781B1EBDBC00290346 /* Release */ = {
			isa = XCBuildConfiguration;
			buildSettings = {
				ASSETCATALOG_COMPILER_APPICON_NAME = AppIcon;
				ASSETCATALOG_COMPILER_LAUNCHIMAGE_NAME = LaunchImage;
				INFOPLIST_FILE = GSD_ZHIFUBAO/Info.plist;
				IPHONEOS_DEPLOYMENT_TARGET = 7.0;
				LD_RUNPATH_SEARCH_PATHS = "$(inherited) @executable_path/Frameworks";
				PRODUCT_NAME = "$(TARGET_NAME)";
			};
			name = Release;
		};
		9929037A1B1EBDBC00290346 /* Debug */ = {
			isa = XCBuildConfiguration;
			buildSettings = {
				BUNDLE_LOADER = "$(TEST_HOST)";
				FRAMEWORK_SEARCH_PATHS = (
					"$(SDKROOT)/Developer/Library/Frameworks",
					"$(inherited)",
				);
				GCC_PREPROCESSOR_DEFINITIONS = (
					"DEBUG=1",
					"$(inherited)",
				);
				INFOPLIST_FILE = GSD_ZHIFUBAOTests/Info.plist;
				LD_RUNPATH_SEARCH_PATHS = "$(inherited) @executable_path/Frameworks @loader_path/Frameworks";
				PRODUCT_NAME = "$(TARGET_NAME)";
				TEST_HOST = "$(BUILT_PRODUCTS_DIR)/GSD_ZHIFUBAO.app/GSD_ZHIFUBAO";
			};
			name = Debug;
		};
		9929037B1B1EBDBC00290346 /* Release */ = {
			isa = XCBuildConfiguration;
			buildSettings = {
				BUNDLE_LOADER = "$(TEST_HOST)";
				FRAMEWORK_SEARCH_PATHS = (
					"$(SDKROOT)/Developer/Library/Frameworks",
					"$(inherited)",
				);
				INFOPLIST_FILE = GSD_ZHIFUBAOTests/Info.plist;
				LD_RUNPATH_SEARCH_PATHS = "$(inherited) @executable_path/Frameworks @loader_path/Frameworks";
				PRODUCT_NAME = "$(TARGET_NAME)";
				TEST_HOST = "$(BUILT_PRODUCTS_DIR)/GSD_ZHIFUBAO.app/GSD_ZHIFUBAO";
			};
			name = Release;
		};
/* End XCBuildConfiguration section */

/* Begin XCConfigurationList section */
		9929034E1B1EBDBC00290346 /* Build configuration list for PBXProject "GSD_ZHIFUBAO" */ = {
			isa = XCConfigurationList;
			buildConfigurations = (
				992903741B1EBDBC00290346 /* Debug */,
				992903751B1EBDBC00290346 /* Release */,
			);
			defaultConfigurationIsVisible = 0;
			defaultConfigurationName = Release;
		};
		992903761B1EBDBC00290346 /* Build configuration list for PBXNativeTarget "GSD_ZHIFUBAO" */ = {
			isa = XCConfigurationList;
			buildConfigurations = (
				992903771B1EBDBC00290346 /* Debug */,
				992903781B1EBDBC00290346 /* Release */,
			);
			defaultConfigurationIsVisible = 0;
			defaultConfigurationName = Release;
		};
		992903791B1EBDBC00290346 /* Build configuration list for PBXNativeTarget "GSD_ZHIFUBAOTests" */ = {
			isa = XCConfigurationList;
			buildConfigurations = (
				9929037A1B1EBDBC00290346 /* Debug */,
				9929037B1B1EBDBC00290346 /* Release */,
			);
			defaultConfigurationIsVisible = 0;
			defaultConfigurationName = Release;
		};
/* End XCConfigurationList section */
	};
	rootObject = 9929034B1B1EBDBC00290346 /* Project object */;
}
